
Microsoft Visual Studio Solution File, Format Version 12.00
# Visual Studio 15
VisualStudioVersion = 15.0.33529.398
MinimumVisualStudioVersion = 10.0.40219.1
Project("{FAE04EC0-301F-11D3-BF4B-00C04F79EFBC}") = "SoruTakip", "SoruTakip\SoruTakip.csproj", "{3F1AEC6C-29C4-4A4D-B524-2171C64F9D30}"
EndProject
Global
	GlobalSection(SolutionConfigurationPlatforms) = preSolution
		Debug|Any CPU = Debug|Any CPU
		Release|Any CPU = Release|Any CPU
	EndGlobalSection
	GlobalSection(ProjectConfigurationPlatforms) = postSolution
		{3F1AEC6C-29C4-4A4D-B524-2171C64F9D30}.Debug|Any CPU.ActiveCfg = Debug|Any CPU
		{3F1AEC6C-29C4-4A4D-B524-2171C64F9D30}.Debug|Any CPU.Build.0 = Debug|Any CPU
		{3F1AEC6C-29C4-4A4D-B524-2171C64F9D30}.Release|Any CPU.ActiveCfg = Release|Any CPU
		{3F1AEC6C-29C4-4A4D-B524-2171C64F9D30}.Release|Any CPU.Build.0 = Release|Any CPU
	EndGlobalSection
	GlobalSection(SolutionProperties) = preSolution
		HideSolutionNode = FALSE
	EndGlobalSection
	GlobalSection(ExtensibilityGlobals) = postSolution
		SolutionGuid = {C983E3CF-3EE4-45B0-BC2D-35C705E93CD4}
	EndGlobalSection
EndGlobal
